
Microsoft Visual Studio Solution File, Format Version 12.00
# Visual Studio Version 17
VisualStudioVersion = 17.0.31903.59
MinimumVisualStudioVersion = 10.0.40219.1
Project("{2150E333-8FDC-42A3-9474-1A3956D46DE8}") = "src", "src", "{827E0CD3-B72D-47B6-A68D-7590B98EB39B}"
EndProject
Project("{2150E333-8FDC-42A3-9474-1A3956D46DE8}") = "Core", "Core", "{8D626EA8-CB54-BC41-363A-217881BEBA6E}"
EndProject
Project("{FAE04EC0-301F-11D3-BF4B-00C04F79EFBC}") = "TTX.Core", "src\Core\TTX.Core.csproj", "{DE1166A1-B5A9-4AD3-81F2-938F375A1F7B}"
EndProject
Project("{2150E333-8FDC-42A3-9474-1A3956D46DE8}") = "Infrastructure", "Infrastructure", "{9048EB7F-3875-A59E-E36B-5BD4C6F2A282}"
EndProject
Project("{2150E333-8FDC-42A3-9474-1A3956D46DE8}") = "Data", "Data", "{DADA25D2-91ED-DD17-EEC4-10F9A22E2B61}"
EndProject
Project("{FAE04EC0-301F-11D3-BF4B-00C04F79EFBC}") = "TTX.Infrastructure.Data", "src\Infrastructure\Data\TTX.Infrastructure.Data.csproj", "{924415E2-6A04-43E3-A414-124C359CA994}"
EndProject
Project("{2150E333-8FDC-42A3-9474-1A3956D46DE8}") = "Interface", "Interface", "{998FDB5D-4789-7735-7934-6481B8BCD9B9}"
EndProject
Project("{2150E333-8FDC-42A3-9474-1A3956D46DE8}") = "Api", "Api", "{0508FAB5-D91E-6801-08E6-EE5DA5DA14F6}"
EndProject
Project("{FAE04EC0-301F-11D3-BF4B-00C04F79EFBC}") = "TTX.Interface.Api", "src\Interface\Api\TTX.Interface.Api.csproj", "{38BDF22F-889D-48C9-9BAA-B3F4F2642F06}"
EndProject
Project("{2150E333-8FDC-42A3-9474-1A3956D46DE8}") = "StreamMonitor", "StreamMonitor", "{6BB958CE-3BF8-5421-C4FB-C26209EF3509}"
EndProject
Project("{FAE04EC0-301F-11D3-BF4B-00C04F79EFBC}") = "TTX.Interface.StreamMonitor", "src\Interface\StreamMonitor\TTX.Interface.StreamMonitor.csproj", "{4B1DD5A0-D741-4E65-B5E4-4A87BFF784B4}"
EndProject
Global
	GlobalSection(SolutionConfigurationPlatforms) = preSolution
		Debug|Any CPU = Debug|Any CPU
		Debug|x64 = Debug|x64
		Debug|x86 = Debug|x86
		Release|Any CPU = Release|Any CPU
		Release|x64 = Release|x64
		Release|x86 = Release|x86
	EndGlobalSection
	GlobalSection(ProjectConfigurationPlatforms) = postSolution
		{DE1166A1-B5A9-4AD3-81F2-938F375A1F7B}.Debug|Any CPU.ActiveCfg = Debug|Any CPU
		{DE1166A1-B5A9-4AD3-81F2-938F375A1F7B}.Debug|Any CPU.Build.0 = Debug|Any CPU
		{DE1166A1-B5A9-4AD3-81F2-938F375A1F7B}.Debug|x64.ActiveCfg = Debug|Any CPU
		{DE1166A1-B5A9-4AD3-81F2-938F375A1F7B}.Debug|x64.Build.0 = Debug|Any CPU
		{DE1166A1-B5A9-4AD3-81F2-938F375A1F7B}.Debug|x86.ActiveCfg = Debug|Any CPU
		{DE1166A1-B5A9-4AD3-81F2-938F375A1F7B}.Debug|x86.Build.0 = Debug|Any CPU
		{DE1166A1-B5A9-4AD3-81F2-938F375A1F7B}.Release|Any CPU.ActiveCfg = Release|Any CPU
		{DE1166A1-B5A9-4AD3-81F2-938F375A1F7B}.Release|Any CPU.Build.0 = Release|Any CPU
		{DE1166A1-B5A9-4AD3-81F2-938F375A1F7B}.Release|x64.ActiveCfg = Release|Any CPU
		{DE1166A1-B5A9-4AD3-81F2-938F375A1F7B}.Release|x64.Build.0 = Release|Any CPU
		{DE1166A1-B5A9-4AD3-81F2-938F375A1F7B}.Release|x86.ActiveCfg = Release|Any CPU
		{DE1166A1-B5A9-4AD3-81F2-938F375A1F7B}.Release|x86.Build.0 = Release|Any CPU
		{924415E2-6A04-43E3-A414-124C359CA994}.Debug|Any CPU.ActiveCfg = Debug|Any CPU
		{924415E2-6A04-43E3-A414-124C359CA994}.Debug|Any CPU.Build.0 = Debug|Any CPU
		{924415E2-6A04-43E3-A414-124C359CA994}.Debug|x64.ActiveCfg = Debug|Any CPU
		{924415E2-6A04-43E3-A414-124C359CA994}.Debug|x64.Build.0 = Debug|Any CPU
		{924415E2-6A04-43E3-A414-124C359CA994}.Debug|x86.ActiveCfg = Debug|Any CPU
		{924415E2-6A04-43E3-A414-124C359CA994}.Debug|x86.Build.0 = Debug|Any CPU
		{924415E2-6A04-43E3-A414-124C359CA994}.Release|Any CPU.ActiveCfg = Release|Any CPU
		{924415E2-6A04-43E3-A414-124C359CA994}.Release|Any CPU.Build.0 = Release|Any CPU
		{924415E2-6A04-43E3-A414-124C359CA994}.Release|x64.ActiveCfg = Release|Any CPU
		{924415E2-6A04-43E3-A414-124C359CA994}.Release|x64.Build.0 = Release|Any CPU
		{924415E2-6A04-43E3-A414-124C359CA994}.Release|x86.ActiveCfg = Release|Any CPU
		{924415E2-6A04-43E3-A414-124C359CA994}.Release|x86.Build.0 = Release|Any CPU
		{38BDF22F-889D-48C9-9BAA-B3F4F2642F06}.Debug|Any CPU.ActiveCfg = Debug|Any CPU
		{38BDF22F-889D-48C9-9BAA-B3F4F2642F06}.Debug|Any CPU.Build.0 = Debug|Any CPU
		{38BDF22F-889D-48C9-9BAA-B3F4F2642F06}.Debug|x64.ActiveCfg = Debug|Any CPU
		{38BDF22F-889D-48C9-9BAA-B3F4F2642F06}.Debug|x64.Build.0 = Debug|Any CPU
		{38BDF22F-889D-48C9-9BAA-B3F4F2642F06}.Debug|x86.ActiveCfg = Debug|Any CPU
		{38BDF22F-889D-48C9-9BAA-B3F4F2642F06}.Debug|x86.Build.0 = Debug|Any CPU
		{38BDF22F-889D-48C9-9BAA-B3F4F2642F06}.Release|Any CPU.ActiveCfg = Release|Any CPU
		{38BDF22F-889D-48C9-9BAA-B3F4F2642F06}.Release|Any CPU.Build.0 = Release|Any CPU
		{38BDF22F-889D-48C9-9BAA-B3F4F2642F06}.Release|x64.ActiveCfg = Release|Any CPU
		{38BDF22F-889D-48C9-9BAA-B3F4F2642F06}.Release|x64.Build.0 = Release|Any CPU
		{38BDF22F-889D-48C9-9BAA-B3F4F2642F06}.Release|x86.ActiveCfg = Release|Any CPU
		{38BDF22F-889D-48C9-9BAA-B3F4F2642F06}.Release|x86.Build.0 = Release|Any CPU
		{DA8A2823-8424-45B4-B102-16B896E9F6C3}.Debug|Any CPU.ActiveCfg = Debug|Any CPU
		{DA8A2823-8424-45B4-B102-16B896E9F6C3}.Debug|Any CPU.Build.0 = Debug|Any CPU
		{DA8A2823-8424-45B4-B102-16B896E9F6C3}.Debug|x64.ActiveCfg = Debug|Any CPU
		{DA8A2823-8424-45B4-B102-16B896E9F6C3}.Debug|x64.Build.0 = Debug|Any CPU
		{DA8A2823-8424-45B4-B102-16B896E9F6C3}.Debug|x86.ActiveCfg = Debug|Any CPU
		{DA8A2823-8424-45B4-B102-16B896E9F6C3}.Debug|x86.Build.0 = Debug|Any CPU
		{DA8A2823-8424-45B4-B102-16B896E9F6C3}.Release|Any CPU.ActiveCfg = Release|Any CPU
		{DA8A2823-8424-45B4-B102-16B896E9F6C3}.Release|Any CPU.Build.0 = Release|Any CPU
		{DA8A2823-8424-45B4-B102-16B896E9F6C3}.Release|x64.ActiveCfg = Release|Any CPU
		{DA8A2823-8424-45B4-B102-16B896E9F6C3}.Release|x64.Build.0 = Release|Any CPU
		{DA8A2823-8424-45B4-B102-16B896E9F6C3}.Release|x86.ActiveCfg = Release|Any CPU
		{DA8A2823-8424-45B4-B102-16B896E9F6C3}.Release|x86.Build.0 = Release|Any CPU
		{4B1DD5A0-D741-4E65-B5E4-4A87BFF784B4}.Debug|Any CPU.ActiveCfg = Debug|Any CPU
		{4B1DD5A0-D741-4E65-B5E4-4A87BFF784B4}.Debug|Any CPU.Build.0 = Debug|Any CPU
		{4B1DD5A0-D741-4E65-B5E4-4A87BFF784B4}.Debug|x64.ActiveCfg = Debug|Any CPU
		{4B1DD5A0-D741-4E65-B5E4-4A87BFF784B4}.Debug|x64.Build.0 = Debug|Any CPU
		{4B1DD5A0-D741-4E65-B5E4-4A87BFF784B4}.Debug|x86.ActiveCfg = Debug|Any CPU
		{4B1DD5A0-D741-4E65-B5E4-4A87BFF784B4}.Debug|x86.Build.0 = Debug|Any CPU
		{4B1DD5A0-D741-4E65-B5E4-4A87BFF784B4}.Release|Any CPU.ActiveCfg = Release|Any CPU
		{4B1DD5A0-D741-4E65-B5E4-4A87BFF784B4}.Release|Any CPU.Build.0 = Release|Any CPU
		{4B1DD5A0-D741-4E65-B5E4-4A87BFF784B4}.Release|x64.ActiveCfg = Release|Any CPU
		{4B1DD5A0-D741-4E65-B5E4-4A87BFF784B4}.Release|x64.Build.0 = Release|Any CPU
		{4B1DD5A0-D741-4E65-B5E4-4A87BFF784B4}.Release|x86.ActiveCfg = Release|Any CPU
		{4B1DD5A0-D741-4E65-B5E4-4A87BFF784B4}.Release|x86.Build.0 = Release|Any CPU
	EndGlobalSection
	GlobalSection(SolutionProperties) = preSolution
		HideSolutionNode = FALSE
	EndGlobalSection
	GlobalSection(NestedProjects) = preSolution
		{8D626EA8-CB54-BC41-363A-217881BEBA6E} = {827E0CD3-B72D-47B6-A68D-7590B98EB39B}
		{DE1166A1-B5A9-4AD3-81F2-938F375A1F7B} = {8D626EA8-CB54-BC41-363A-217881BEBA6E}
		{9048EB7F-3875-A59E-E36B-5BD4C6F2A282} = {827E0CD3-B72D-47B6-A68D-7590B98EB39B}
		{DADA25D2-91ED-DD17-EEC4-10F9A22E2B61} = {9048EB7F-3875-A59E-E36B-5BD4C6F2A282}
		{924415E2-6A04-43E3-A414-124C359CA994} = {DADA25D2-91ED-DD17-EEC4-10F9A22E2B61}
		{998FDB5D-4789-7735-7934-6481B8BCD9B9} = {827E0CD3-B72D-47B6-A68D-7590B98EB39B}
		{0508FAB5-D91E-6801-08E6-EE5DA5DA14F6} = {998FDB5D-4789-7735-7934-6481B8BCD9B9}
		{38BDF22F-889D-48C9-9BAA-B3F4F2642F06} = {0508FAB5-D91E-6801-08E6-EE5DA5DA14F6}
		{2B67C707-9472-D2EF-768E-8AE127CAC016} = {998FDB5D-4789-7735-7934-6481B8BCD9B9}
		{DA8A2823-8424-45B4-B102-16B896E9F6C3} = {2B67C707-9472-D2EF-768E-8AE127CAC016}
		{6BB958CE-3BF8-5421-C4FB-C26209EF3509} = {998FDB5D-4789-7735-7934-6481B8BCD9B9}
		{4B1DD5A0-D741-4E65-B5E4-4A87BFF784B4} = {6BB958CE-3BF8-5421-C4FB-C26209EF3509}
	EndGlobalSection
EndGlobal
