
Microsoft Visual Studio Solution File, Format Version 12.00
# Visual Studio Version 17
VisualStudioVersion = 17.0.31903.59
MinimumVisualStudioVersion = 10.0.40219.1
Project("{2150E333-8FDC-42A3-9474-1A3956D46DE8}") = "src", "src", "{827E0CD3-B72D-47B6-A68D-7590B98EB39B}"
EndProject
Project("{2150E333-8FDC-42A3-9474-1A3956D46DE8}") = "Core", "Core", "{8D626EA8-CB54-BC41-363A-217881BEBA6E}"
EndProject
Project("{FAE04EC0-301F-11D3-BF4B-00C04F79EFBC}") = "TTX.Core", "src\Core\TTX.Core.csproj", "{A5EC7DAF-AE4E-412F-A600-5DFBEEAC295C}"
EndProject
Project("{2150E333-8FDC-42A3-9474-1A3956D46DE8}") = "Infrastructure", "Infrastructure", "{9048EB7F-3875-A59E-E36B-5BD4C6F2A282}"
EndProject
Project("{2150E333-8FDC-42A3-9474-1A3956D46DE8}") = "Data", "Data", "{DADA25D2-91ED-DD17-EEC4-10F9A22E2B61}"
EndProject
Project("{FAE04EC0-301F-11D3-BF4B-00C04F79EFBC}") = "TTX.Infrastructure.Data", "src\Infrastructure\Data\TTX.Infrastructure.Data.csproj", "{9A87A8D6-0C36-44F7-A775-A4295B147B38}"
EndProject
Project("{2150E333-8FDC-42A3-9474-1A3956D46DE8}") = "Interface", "Interface", "{998FDB5D-4789-7735-7934-6481B8BCD9B9}"
EndProject
Project("{2150E333-8FDC-42A3-9474-1A3956D46DE8}") = "Api", "Api", "{0508FAB5-D91E-6801-08E6-EE5DA5DA14F6}"
EndProject
Project("{FAE04EC0-301F-11D3-BF4B-00C04F79EFBC}") = "TTX.Interface.Api", "src\Interface\Api\TTX.Interface.Api.csproj", "{A4B23514-9FCC-405E-8EAF-643ABCFA33EA}"
EndProject
Project("{2150E333-8FDC-42A3-9474-1A3956D46DE8}") = "StreamMonitor", "StreamMonitor", "{6BB958CE-3BF8-5421-C4FB-C26209EF3509}"
EndProject
Project("{FAE04EC0-301F-11D3-BF4B-00C04F79EFBC}") = "TTX.Interface.StreamMonitor", "src\Interface\StreamMonitor\TTX.Interface.StreamMonitor.csproj", "{80E59851-76B3-4FFF-83C7-E39805B6BEE6}"
EndProject
Project("{2150E333-8FDC-42A3-9474-1A3956D46DE8}") = "Twitch", "Twitch", "{9D4CBFD1-8541-4A7C-2F26-E72F7B8B7F81}"
EndProject
Project("{FAE04EC0-301F-11D3-BF4B-00C04F79EFBC}") = "TTX.Infrastructure.Twitch", "src\Infrastructure\Twitch\TTX.Infrastructure.Twitch.csproj", "{AD2D117E-E700-4F89-AB67-28E548DD87AA}"
EndProject
Global
	GlobalSection(SolutionConfigurationPlatforms) = preSolution
		Debug|Any CPU = Debug|Any CPU
		Debug|x64 = Debug|x64
		Debug|x86 = Debug|x86
		Release|Any CPU = Release|Any CPU
		Release|x64 = Release|x64
		Release|x86 = Release|x86
	EndGlobalSection
	GlobalSection(ProjectConfigurationPlatforms) = postSolution
		{A5EC7DAF-AE4E-412F-A600-5DFBEEAC295C}.Debug|Any CPU.ActiveCfg = Debug|Any CPU
		{A5EC7DAF-AE4E-412F-A600-5DFBEEAC295C}.Debug|Any CPU.Build.0 = Debug|Any CPU
		{A5EC7DAF-AE4E-412F-A600-5DFBEEAC295C}.Debug|x64.ActiveCfg = Debug|Any CPU
		{A5EC7DAF-AE4E-412F-A600-5DFBEEAC295C}.Debug|x64.Build.0 = Debug|Any CPU
		{A5EC7DAF-AE4E-412F-A600-5DFBEEAC295C}.Debug|x86.ActiveCfg = Debug|Any CPU
		{A5EC7DAF-AE4E-412F-A600-5DFBEEAC295C}.Debug|x86.Build.0 = Debug|Any CPU
		{A5EC7DAF-AE4E-412F-A600-5DFBEEAC295C}.Release|Any CPU.ActiveCfg = Release|Any CPU
		{A5EC7DAF-AE4E-412F-A600-5DFBEEAC295C}.Release|Any CPU.Build.0 = Release|Any CPU
		{A5EC7DAF-AE4E-412F-A600-5DFBEEAC295C}.Release|x64.ActiveCfg = Release|Any CPU
		{A5EC7DAF-AE4E-412F-A600-5DFBEEAC295C}.Release|x64.Build.0 = Release|Any CPU
		{A5EC7DAF-AE4E-412F-A600-5DFBEEAC295C}.Release|x86.ActiveCfg = Release|Any CPU
		{A5EC7DAF-AE4E-412F-A600-5DFBEEAC295C}.Release|x86.Build.0 = Release|Any CPU
		{9A87A8D6-0C36-44F7-A775-A4295B147B38}.Debug|Any CPU.ActiveCfg = Debug|Any CPU
		{9A87A8D6-0C36-44F7-A775-A4295B147B38}.Debug|Any CPU.Build.0 = Debug|Any CPU
		{9A87A8D6-0C36-44F7-A775-A4295B147B38}.Debug|x64.ActiveCfg = Debug|Any CPU
		{9A87A8D6-0C36-44F7-A775-A4295B147B38}.Debug|x64.Build.0 = Debug|Any CPU
		{9A87A8D6-0C36-44F7-A775-A4295B147B38}.Debug|x86.ActiveCfg = Debug|Any CPU
		{9A87A8D6-0C36-44F7-A775-A4295B147B38}.Debug|x86.Build.0 = Debug|Any CPU
		{9A87A8D6-0C36-44F7-A775-A4295B147B38}.Release|Any CPU.ActiveCfg = Release|Any CPU
		{9A87A8D6-0C36-44F7-A775-A4295B147B38}.Release|Any CPU.Build.0 = Release|Any CPU
		{9A87A8D6-0C36-44F7-A775-A4295B147B38}.Release|x64.ActiveCfg = Release|Any CPU
		{9A87A8D6-0C36-44F7-A775-A4295B147B38}.Release|x64.Build.0 = Release|Any CPU
		{9A87A8D6-0C36-44F7-A775-A4295B147B38}.Release|x86.ActiveCfg = Release|Any CPU
		{9A87A8D6-0C36-44F7-A775-A4295B147B38}.Release|x86.Build.0 = Release|Any CPU
		{A4B23514-9FCC-405E-8EAF-643ABCFA33EA}.Debug|Any CPU.ActiveCfg = Debug|Any CPU
		{A4B23514-9FCC-405E-8EAF-643ABCFA33EA}.Debug|Any CPU.Build.0 = Debug|Any CPU
		{A4B23514-9FCC-405E-8EAF-643ABCFA33EA}.Debug|x64.ActiveCfg = Debug|Any CPU
		{A4B23514-9FCC-405E-8EAF-643ABCFA33EA}.Debug|x64.Build.0 = Debug|Any CPU
		{A4B23514-9FCC-405E-8EAF-643ABCFA33EA}.Debug|x86.ActiveCfg = Debug|Any CPU
		{A4B23514-9FCC-405E-8EAF-643ABCFA33EA}.Debug|x86.Build.0 = Debug|Any CPU
		{A4B23514-9FCC-405E-8EAF-643ABCFA33EA}.Release|Any CPU.ActiveCfg = Release|Any CPU
		{A4B23514-9FCC-405E-8EAF-643ABCFA33EA}.Release|Any CPU.Build.0 = Release|Any CPU
		{A4B23514-9FCC-405E-8EAF-643ABCFA33EA}.Release|x64.ActiveCfg = Release|Any CPU
		{A4B23514-9FCC-405E-8EAF-643ABCFA33EA}.Release|x64.Build.0 = Release|Any CPU
		{A4B23514-9FCC-405E-8EAF-643ABCFA33EA}.Release|x86.ActiveCfg = Release|Any CPU
		{A4B23514-9FCC-405E-8EAF-643ABCFA33EA}.Release|x86.Build.0 = Release|Any CPU
		{80E59851-76B3-4FFF-83C7-E39805B6BEE6}.Debug|Any CPU.ActiveCfg = Debug|Any CPU
		{80E59851-76B3-4FFF-83C7-E39805B6BEE6}.Debug|Any CPU.Build.0 = Debug|Any CPU
		{80E59851-76B3-4FFF-83C7-E39805B6BEE6}.Debug|x64.ActiveCfg = Debug|Any CPU
		{80E59851-76B3-4FFF-83C7-E39805B6BEE6}.Debug|x64.Build.0 = Debug|Any CPU
		{80E59851-76B3-4FFF-83C7-E39805B6BEE6}.Debug|x86.ActiveCfg = Debug|Any CPU
		{80E59851-76B3-4FFF-83C7-E39805B6BEE6}.Debug|x86.Build.0 = Debug|Any CPU
		{80E59851-76B3-4FFF-83C7-E39805B6BEE6}.Release|Any CPU.ActiveCfg = Release|Any CPU
		{80E59851-76B3-4FFF-83C7-E39805B6BEE6}.Release|Any CPU.Build.0 = Release|Any CPU
		{80E59851-76B3-4FFF-83C7-E39805B6BEE6}.Release|x64.ActiveCfg = Release|Any CPU
		{80E59851-76B3-4FFF-83C7-E39805B6BEE6}.Release|x64.Build.0 = Release|Any CPU
		{80E59851-76B3-4FFF-83C7-E39805B6BEE6}.Release|x86.ActiveCfg = Release|Any CPU
		{80E59851-76B3-4FFF-83C7-E39805B6BEE6}.Release|x86.Build.0 = Release|Any CPU
		{AD2D117E-E700-4F89-AB67-28E548DD87AA}.Debug|Any CPU.ActiveCfg = Debug|Any CPU
		{AD2D117E-E700-4F89-AB67-28E548DD87AA}.Debug|Any CPU.Build.0 = Debug|Any CPU
		{AD2D117E-E700-4F89-AB67-28E548DD87AA}.Debug|x64.ActiveCfg = Debug|Any CPU
		{AD2D117E-E700-4F89-AB67-28E548DD87AA}.Debug|x64.Build.0 = Debug|Any CPU
		{AD2D117E-E700-4F89-AB67-28E548DD87AA}.Debug|x86.ActiveCfg = Debug|Any CPU
		{AD2D117E-E700-4F89-AB67-28E548DD87AA}.Debug|x86.Build.0 = Debug|Any CPU
		{AD2D117E-E700-4F89-AB67-28E548DD87AA}.Release|Any CPU.ActiveCfg = Release|Any CPU
		{AD2D117E-E700-4F89-AB67-28E548DD87AA}.Release|Any CPU.Build.0 = Release|Any CPU
		{AD2D117E-E700-4F89-AB67-28E548DD87AA}.Release|x64.ActiveCfg = Release|Any CPU
		{AD2D117E-E700-4F89-AB67-28E548DD87AA}.Release|x64.Build.0 = Release|Any CPU
		{AD2D117E-E700-4F89-AB67-28E548DD87AA}.Release|x86.ActiveCfg = Release|Any CPU
		{AD2D117E-E700-4F89-AB67-28E548DD87AA}.Release|x86.Build.0 = Release|Any CPU
	EndGlobalSection
	GlobalSection(SolutionProperties) = preSolution
		HideSolutionNode = FALSE
	EndGlobalSection
	GlobalSection(NestedProjects) = preSolution
		{8D626EA8-CB54-BC41-363A-217881BEBA6E} = {827E0CD3-B72D-47B6-A68D-7590B98EB39B}
		{A5EC7DAF-AE4E-412F-A600-5DFBEEAC295C} = {8D626EA8-CB54-BC41-363A-217881BEBA6E}
		{9048EB7F-3875-A59E-E36B-5BD4C6F2A282} = {827E0CD3-B72D-47B6-A68D-7590B98EB39B}
		{DADA25D2-91ED-DD17-EEC4-10F9A22E2B61} = {9048EB7F-3875-A59E-E36B-5BD4C6F2A282}
		{9A87A8D6-0C36-44F7-A775-A4295B147B38} = {DADA25D2-91ED-DD17-EEC4-10F9A22E2B61}
		{998FDB5D-4789-7735-7934-6481B8BCD9B9} = {827E0CD3-B72D-47B6-A68D-7590B98EB39B}
		{0508FAB5-D91E-6801-08E6-EE5DA5DA14F6} = {998FDB5D-4789-7735-7934-6481B8BCD9B9}
		{A4B23514-9FCC-405E-8EAF-643ABCFA33EA} = {0508FAB5-D91E-6801-08E6-EE5DA5DA14F6}
		{6BB958CE-3BF8-5421-C4FB-C26209EF3509} = {998FDB5D-4789-7735-7934-6481B8BCD9B9}
		{80E59851-76B3-4FFF-83C7-E39805B6BEE6} = {6BB958CE-3BF8-5421-C4FB-C26209EF3509}
		{9D4CBFD1-8541-4A7C-2F26-E72F7B8B7F81} = {9048EB7F-3875-A59E-E36B-5BD4C6F2A282}
		{AD2D117E-E700-4F89-AB67-28E548DD87AA} = {9D4CBFD1-8541-4A7C-2F26-E72F7B8B7F81}
	EndGlobalSection
EndGlobal
