
Microsoft Visual Studio Solution File, Format Version 12.00
# Visual Studio Version 17
VisualStudioVersion = 17.0.31903.59
MinimumVisualStudioVersion = 10.0.40219.1
Project("{2150E333-8FDC-42A3-9474-1A3956D46DE8}") = "tests", "tests", "{0AB3BF05-4346-4AA6-1389-037BE0695223}"
EndProject
Project("{2150E333-8FDC-42A3-9474-1A3956D46DE8}") = "Core", "Core", "{5C35D9BE-388A-8745-CD5F-BB8E361A8720}"
EndProject
Project("{FAE04EC0-301F-11D3-BF4B-00C04F79EFBC}") = "TTX.Tests.Core", "tests\Core\TTX.Tests.Core.csproj", "{57ED982B-D85B-4A03-904D-C79A06E524FA}"
EndProject
Project("{2150E333-8FDC-42A3-9474-1A3956D46DE8}") = "src", "src", "{827E0CD3-B72D-47B6-A68D-7590B98EB39B}"
EndProject
Project("{2150E333-8FDC-42A3-9474-1A3956D46DE8}") = "Api", "Api", "{81034408-37C8-1011-444E-4C15C2FADA8E}"
EndProject
Project("{FAE04EC0-301F-11D3-BF4B-00C04F79EFBC}") = "TTX.Interface.Api", "src\Api\TTX.Interface.Api.csproj", "{49F5DD57-1B91-4108-BE54-40A7309310C3}"
EndProject
Project("{2150E333-8FDC-42A3-9474-1A3956D46DE8}") = "Core", "Core", "{8D626EA8-CB54-BC41-363A-217881BEBA6E}"
EndProject
Project("{FAE04EC0-301F-11D3-BF4B-00C04F79EFBC}") = "TTX.Core", "src\Core\TTX.Core.csproj", "{29882D60-DF52-4F05-9389-8315CB883D0E}"
EndProject
Project("{2150E333-8FDC-42A3-9474-1A3956D46DE8}") = "Data", "Data", "{58A5B24B-8FB4-5A6E-5EF4-1E3E19F29B1B}"
EndProject
Project("{FAE04EC0-301F-11D3-BF4B-00C04F79EFBC}") = "TTX.Infrastructure.Data", "src\Data\TTX.Infrastructure.Data.csproj", "{BBC112CE-05BB-4019-BD33-2B6AEB6236D0}"
EndProject
Project("{2150E333-8FDC-42A3-9474-1A3956D46DE8}") = "Discord", "Discord", "{B0000207-CB61-BD1F-D58D-8A966EC86720}"
EndProject
Project("{FAE04EC0-301F-11D3-BF4B-00C04F79EFBC}") = "TTX.Infrastructure.Discord", "src\Discord\TTX.Infrastructure.Discord.csproj", "{8A24E2B2-97EA-4DA9-BA60-35E76D895A81}"
EndProject
Project("{2150E333-8FDC-42A3-9474-1A3956D46DE8}") = "StreamMonitor", "StreamMonitor", "{847EDAE6-D572-797F-4BAA-B24757E468B4}"
EndProject
Project("{FAE04EC0-301F-11D3-BF4B-00C04F79EFBC}") = "TTX.Interface.StreamMonitor", "src\StreamMonitor\TTX.Interface.StreamMonitor.csproj", "{9EC875F2-A040-475E-A357-89EC25AB4C9D}"
EndProject
Project("{2150E333-8FDC-42A3-9474-1A3956D46DE8}") = "Twitch", "Twitch", "{CBFA4048-6D19-4DCA-525A-3B676DABD27F}"
EndProject
Project("{FAE04EC0-301F-11D3-BF4B-00C04F79EFBC}") = "TTX.Infrastructure.Twitch", "src\Twitch\TTX.Infrastructure.Twitch.csproj", "{091D4BBA-A2DA-4316-BE5F-DEC97F222EC8}"
EndProject
Global
	GlobalSection(SolutionConfigurationPlatforms) = preSolution
		Debug|Any CPU = Debug|Any CPU
		Debug|x64 = Debug|x64
		Debug|x86 = Debug|x86
		Release|Any CPU = Release|Any CPU
		Release|x64 = Release|x64
		Release|x86 = Release|x86
	EndGlobalSection
	GlobalSection(ProjectConfigurationPlatforms) = postSolution
		{57ED982B-D85B-4A03-904D-C79A06E524FA}.Debug|Any CPU.ActiveCfg = Debug|Any CPU
		{57ED982B-D85B-4A03-904D-C79A06E524FA}.Debug|Any CPU.Build.0 = Debug|Any CPU
		{57ED982B-D85B-4A03-904D-C79A06E524FA}.Debug|x64.ActiveCfg = Debug|Any CPU
		{57ED982B-D85B-4A03-904D-C79A06E524FA}.Debug|x64.Build.0 = Debug|Any CPU
		{57ED982B-D85B-4A03-904D-C79A06E524FA}.Debug|x86.ActiveCfg = Debug|Any CPU
		{57ED982B-D85B-4A03-904D-C79A06E524FA}.Debug|x86.Build.0 = Debug|Any CPU
		{57ED982B-D85B-4A03-904D-C79A06E524FA}.Release|Any CPU.ActiveCfg = Release|Any CPU
		{57ED982B-D85B-4A03-904D-C79A06E524FA}.Release|Any CPU.Build.0 = Release|Any CPU
		{57ED982B-D85B-4A03-904D-C79A06E524FA}.Release|x64.ActiveCfg = Release|Any CPU
		{57ED982B-D85B-4A03-904D-C79A06E524FA}.Release|x64.Build.0 = Release|Any CPU
		{57ED982B-D85B-4A03-904D-C79A06E524FA}.Release|x86.ActiveCfg = Release|Any CPU
		{57ED982B-D85B-4A03-904D-C79A06E524FA}.Release|x86.Build.0 = Release|Any CPU
		{49F5DD57-1B91-4108-BE54-40A7309310C3}.Debug|Any CPU.ActiveCfg = Debug|Any CPU
		{49F5DD57-1B91-4108-BE54-40A7309310C3}.Debug|Any CPU.Build.0 = Debug|Any CPU
		{49F5DD57-1B91-4108-BE54-40A7309310C3}.Debug|x64.ActiveCfg = Debug|Any CPU
		{49F5DD57-1B91-4108-BE54-40A7309310C3}.Debug|x64.Build.0 = Debug|Any CPU
		{49F5DD57-1B91-4108-BE54-40A7309310C3}.Debug|x86.ActiveCfg = Debug|Any CPU
		{49F5DD57-1B91-4108-BE54-40A7309310C3}.Debug|x86.Build.0 = Debug|Any CPU
		{49F5DD57-1B91-4108-BE54-40A7309310C3}.Release|Any CPU.ActiveCfg = Release|Any CPU
		{49F5DD57-1B91-4108-BE54-40A7309310C3}.Release|Any CPU.Build.0 = Release|Any CPU
		{49F5DD57-1B91-4108-BE54-40A7309310C3}.Release|x64.ActiveCfg = Release|Any CPU
		{49F5DD57-1B91-4108-BE54-40A7309310C3}.Release|x64.Build.0 = Release|Any CPU
		{49F5DD57-1B91-4108-BE54-40A7309310C3}.Release|x86.ActiveCfg = Release|Any CPU
		{49F5DD57-1B91-4108-BE54-40A7309310C3}.Release|x86.Build.0 = Release|Any CPU
		{29882D60-DF52-4F05-9389-8315CB883D0E}.Debug|Any CPU.ActiveCfg = Debug|Any CPU
		{29882D60-DF52-4F05-9389-8315CB883D0E}.Debug|Any CPU.Build.0 = Debug|Any CPU
		{29882D60-DF52-4F05-9389-8315CB883D0E}.Debug|x64.ActiveCfg = Debug|Any CPU
		{29882D60-DF52-4F05-9389-8315CB883D0E}.Debug|x64.Build.0 = Debug|Any CPU
		{29882D60-DF52-4F05-9389-8315CB883D0E}.Debug|x86.ActiveCfg = Debug|Any CPU
		{29882D60-DF52-4F05-9389-8315CB883D0E}.Debug|x86.Build.0 = Debug|Any CPU
		{29882D60-DF52-4F05-9389-8315CB883D0E}.Release|Any CPU.ActiveCfg = Release|Any CPU
		{29882D60-DF52-4F05-9389-8315CB883D0E}.Release|Any CPU.Build.0 = Release|Any CPU
		{29882D60-DF52-4F05-9389-8315CB883D0E}.Release|x64.ActiveCfg = Release|Any CPU
		{29882D60-DF52-4F05-9389-8315CB883D0E}.Release|x64.Build.0 = Release|Any CPU
		{29882D60-DF52-4F05-9389-8315CB883D0E}.Release|x86.ActiveCfg = Release|Any CPU
		{29882D60-DF52-4F05-9389-8315CB883D0E}.Release|x86.Build.0 = Release|Any CPU
		{BBC112CE-05BB-4019-BD33-2B6AEB6236D0}.Debug|Any CPU.ActiveCfg = Debug|Any CPU
		{BBC112CE-05BB-4019-BD33-2B6AEB6236D0}.Debug|Any CPU.Build.0 = Debug|Any CPU
		{BBC112CE-05BB-4019-BD33-2B6AEB6236D0}.Debug|x64.ActiveCfg = Debug|Any CPU
		{BBC112CE-05BB-4019-BD33-2B6AEB6236D0}.Debug|x64.Build.0 = Debug|Any CPU
		{BBC112CE-05BB-4019-BD33-2B6AEB6236D0}.Debug|x86.ActiveCfg = Debug|Any CPU
		{BBC112CE-05BB-4019-BD33-2B6AEB6236D0}.Debug|x86.Build.0 = Debug|Any CPU
		{BBC112CE-05BB-4019-BD33-2B6AEB6236D0}.Release|Any CPU.ActiveCfg = Release|Any CPU
		{BBC112CE-05BB-4019-BD33-2B6AEB6236D0}.Release|Any CPU.Build.0 = Release|Any CPU
		{BBC112CE-05BB-4019-BD33-2B6AEB6236D0}.Release|x64.ActiveCfg = Release|Any CPU
		{BBC112CE-05BB-4019-BD33-2B6AEB6236D0}.Release|x64.Build.0 = Release|Any CPU
		{BBC112CE-05BB-4019-BD33-2B6AEB6236D0}.Release|x86.ActiveCfg = Release|Any CPU
		{BBC112CE-05BB-4019-BD33-2B6AEB6236D0}.Release|x86.Build.0 = Release|Any CPU
		{8A24E2B2-97EA-4DA9-BA60-35E76D895A81}.Debug|Any CPU.ActiveCfg = Debug|Any CPU
		{8A24E2B2-97EA-4DA9-BA60-35E76D895A81}.Debug|Any CPU.Build.0 = Debug|Any CPU
		{8A24E2B2-97EA-4DA9-BA60-35E76D895A81}.Debug|x64.ActiveCfg = Debug|Any CPU
		{8A24E2B2-97EA-4DA9-BA60-35E76D895A81}.Debug|x64.Build.0 = Debug|Any CPU
		{8A24E2B2-97EA-4DA9-BA60-35E76D895A81}.Debug|x86.ActiveCfg = Debug|Any CPU
		{8A24E2B2-97EA-4DA9-BA60-35E76D895A81}.Debug|x86.Build.0 = Debug|Any CPU
		{8A24E2B2-97EA-4DA9-BA60-35E76D895A81}.Release|Any CPU.ActiveCfg = Release|Any CPU
		{8A24E2B2-97EA-4DA9-BA60-35E76D895A81}.Release|Any CPU.Build.0 = Release|Any CPU
		{8A24E2B2-97EA-4DA9-BA60-35E76D895A81}.Release|x64.ActiveCfg = Release|Any CPU
		{8A24E2B2-97EA-4DA9-BA60-35E76D895A81}.Release|x64.Build.0 = Release|Any CPU
		{8A24E2B2-97EA-4DA9-BA60-35E76D895A81}.Release|x86.ActiveCfg = Release|Any CPU
		{8A24E2B2-97EA-4DA9-BA60-35E76D895A81}.Release|x86.Build.0 = Release|Any CPU
		{9EC875F2-A040-475E-A357-89EC25AB4C9D}.Debug|Any CPU.ActiveCfg = Debug|Any CPU
		{9EC875F2-A040-475E-A357-89EC25AB4C9D}.Debug|Any CPU.Build.0 = Debug|Any CPU
		{9EC875F2-A040-475E-A357-89EC25AB4C9D}.Debug|x64.ActiveCfg = Debug|Any CPU
		{9EC875F2-A040-475E-A357-89EC25AB4C9D}.Debug|x64.Build.0 = Debug|Any CPU
		{9EC875F2-A040-475E-A357-89EC25AB4C9D}.Debug|x86.ActiveCfg = Debug|Any CPU
		{9EC875F2-A040-475E-A357-89EC25AB4C9D}.Debug|x86.Build.0 = Debug|Any CPU
		{9EC875F2-A040-475E-A357-89EC25AB4C9D}.Release|Any CPU.ActiveCfg = Release|Any CPU
		{9EC875F2-A040-475E-A357-89EC25AB4C9D}.Release|Any CPU.Build.0 = Release|Any CPU
		{9EC875F2-A040-475E-A357-89EC25AB4C9D}.Release|x64.ActiveCfg = Release|Any CPU
		{9EC875F2-A040-475E-A357-89EC25AB4C9D}.Release|x64.Build.0 = Release|Any CPU
		{9EC875F2-A040-475E-A357-89EC25AB4C9D}.Release|x86.ActiveCfg = Release|Any CPU
		{9EC875F2-A040-475E-A357-89EC25AB4C9D}.Release|x86.Build.0 = Release|Any CPU
		{091D4BBA-A2DA-4316-BE5F-DEC97F222EC8}.Debug|Any CPU.ActiveCfg = Debug|Any CPU
		{091D4BBA-A2DA-4316-BE5F-DEC97F222EC8}.Debug|Any CPU.Build.0 = Debug|Any CPU
		{091D4BBA-A2DA-4316-BE5F-DEC97F222EC8}.Debug|x64.ActiveCfg = Debug|Any CPU
		{091D4BBA-A2DA-4316-BE5F-DEC97F222EC8}.Debug|x64.Build.0 = Debug|Any CPU
		{091D4BBA-A2DA-4316-BE5F-DEC97F222EC8}.Debug|x86.ActiveCfg = Debug|Any CPU
		{091D4BBA-A2DA-4316-BE5F-DEC97F222EC8}.Debug|x86.Build.0 = Debug|Any CPU
		{091D4BBA-A2DA-4316-BE5F-DEC97F222EC8}.Release|Any CPU.ActiveCfg = Release|Any CPU
		{091D4BBA-A2DA-4316-BE5F-DEC97F222EC8}.Release|Any CPU.Build.0 = Release|Any CPU
		{091D4BBA-A2DA-4316-BE5F-DEC97F222EC8}.Release|x64.ActiveCfg = Release|Any CPU
		{091D4BBA-A2DA-4316-BE5F-DEC97F222EC8}.Release|x64.Build.0 = Release|Any CPU
		{091D4BBA-A2DA-4316-BE5F-DEC97F222EC8}.Release|x86.ActiveCfg = Release|Any CPU
		{091D4BBA-A2DA-4316-BE5F-DEC97F222EC8}.Release|x86.Build.0 = Release|Any CPU
	EndGlobalSection
	GlobalSection(SolutionProperties) = preSolution
		HideSolutionNode = FALSE
	EndGlobalSection
	GlobalSection(NestedProjects) = preSolution
		{5C35D9BE-388A-8745-CD5F-BB8E361A8720} = {0AB3BF05-4346-4AA6-1389-037BE0695223}
		{57ED982B-D85B-4A03-904D-C79A06E524FA} = {5C35D9BE-388A-8745-CD5F-BB8E361A8720}
		{81034408-37C8-1011-444E-4C15C2FADA8E} = {827E0CD3-B72D-47B6-A68D-7590B98EB39B}
		{49F5DD57-1B91-4108-BE54-40A7309310C3} = {81034408-37C8-1011-444E-4C15C2FADA8E}
		{8D626EA8-CB54-BC41-363A-217881BEBA6E} = {827E0CD3-B72D-47B6-A68D-7590B98EB39B}
		{29882D60-DF52-4F05-9389-8315CB883D0E} = {8D626EA8-CB54-BC41-363A-217881BEBA6E}
		{58A5B24B-8FB4-5A6E-5EF4-1E3E19F29B1B} = {827E0CD3-B72D-47B6-A68D-7590B98EB39B}
		{BBC112CE-05BB-4019-BD33-2B6AEB6236D0} = {58A5B24B-8FB4-5A6E-5EF4-1E3E19F29B1B}
		{B0000207-CB61-BD1F-D58D-8A966EC86720} = {827E0CD3-B72D-47B6-A68D-7590B98EB39B}
		{8A24E2B2-97EA-4DA9-BA60-35E76D895A81} = {B0000207-CB61-BD1F-D58D-8A966EC86720}
		{847EDAE6-D572-797F-4BAA-B24757E468B4} = {827E0CD3-B72D-47B6-A68D-7590B98EB39B}
		{9EC875F2-A040-475E-A357-89EC25AB4C9D} = {847EDAE6-D572-797F-4BAA-B24757E468B4}
		{CBFA4048-6D19-4DCA-525A-3B676DABD27F} = {827E0CD3-B72D-47B6-A68D-7590B98EB39B}
		{091D4BBA-A2DA-4316-BE5F-DEC97F222EC8} = {CBFA4048-6D19-4DCA-525A-3B676DABD27F}
	EndGlobalSection
EndGlobal
